
Microsoft Visual Studio Solution File, Format Version 12.00
# Visual Studio Version 17
VisualStudioVersion = 17.0.31903.59
MinimumVisualStudioVersion = 10.0.40219.1
Project("{FAE04EC0-301F-11D3-BF4B-00C04F79EFBC}") = "Domain", "Domain\Domain.csproj", "{13619021-149D-41DE-80F5-74E33A2FEB37}"
EndProject
Project("{FAE04EC0-301F-11D3-BF4B-00C04F79EFBC}") = "Infrastructure", "Infrastructure\Infrastructure.csproj", "{3DE3811A-7160-4272-BE29-FB452A227670}"
EndProject
Project("{FAE04EC0-301F-11D3-BF4B-00C04F79EFBC}") = "Web", "Web\Web.csproj", "{DE623C2E-821F-40E7-8127-8E8526B9E58D}"
EndProject
Global
	GlobalSection(SolutionConfigurationPlatforms) = preSolution
		Debug|Any CPU = Debug|Any CPU
		Release|Any CPU = Release|Any CPU
	EndGlobalSection
	GlobalSection(SolutionProperties) = preSolution
		HideSolutionNode = FALSE
	EndGlobalSection
	GlobalSection(ProjectConfigurationPlatforms) = postSolution
		{13619021-149D-41DE-80F5-74E33A2FEB37}.Debug|Any CPU.ActiveCfg = Debug|Any CPU
		{13619021-149D-41DE-80F5-74E33A2FEB37}.Debug|Any CPU.Build.0 = Debug|Any CPU
		{13619021-149D-41DE-80F5-74E33A2FEB37}.Release|Any CPU.ActiveCfg = Release|Any CPU
		{13619021-149D-41DE-80F5-74E33A2FEB37}.Release|Any CPU.Build.0 = Release|Any CPU
		{3DE3811A-7160-4272-BE29-FB452A227670}.Debug|Any CPU.ActiveCfg = Debug|Any CPU
		{3DE3811A-7160-4272-BE29-FB452A227670}.Debug|Any CPU.Build.0 = Debug|Any CPU
		{3DE3811A-7160-4272-BE29-FB452A227670}.Release|Any CPU.ActiveCfg = Release|Any CPU
		{3DE3811A-7160-4272-BE29-FB452A227670}.Release|Any CPU.Build.0 = Release|Any CPU
		{DE623C2E-821F-40E7-8127-8E8526B9E58D}.Debug|Any CPU.ActiveCfg = Debug|Any CPU
		{DE623C2E-821F-40E7-8127-8E8526B9E58D}.Debug|Any CPU.Build.0 = Debug|Any CPU
		{DE623C2E-821F-40E7-8127-8E8526B9E58D}.Release|Any CPU.ActiveCfg = Release|Any CPU
		{DE623C2E-821F-40E7-8127-8E8526B9E58D}.Release|Any CPU.Build.0 = Release|Any CPU
	EndGlobalSection
EndGlobal
